// !$*UTF8*$!
{
	archiveVersion = 1;
	classes = {
	};
	objectVersion = 55;
	objects = {

/* Begin PBXBuildFile section */
		0F304DCD27BA04E1004F0DD2 /* MovieDetailsViewController.swift in Sources */ = {isa = PBXBuildFile; fileRef = 0F304DCC27BA04E1004F0DD2 /* MovieDetailsViewController.swift */; };
		0F304DCF27BB2BE5004F0DD2 /* MovieGridViewController.swift in Sources */ = {isa = PBXBuildFile; fileRef = 0F304DCE27BB2BE5004F0DD2 /* MovieGridViewController.swift */; };
		0F304DD127BB4BC3004F0DD2 /* MovieGridCell.swift in Sources */ = {isa = PBXBuildFile; fileRef = 0F304DD027BB4BC3004F0DD2 /* MovieGridCell.swift */; };
		0FC236D327B5BEEE00209D8E /* AppDelegate.swift in Sources */ = {isa = PBXBuildFile; fileRef = 0FC236D227B5BEEE00209D8E /* AppDelegate.swift */; };
		0FC236D527B5BEEE00209D8E /* SceneDelegate.swift in Sources */ = {isa = PBXBuildFile; fileRef = 0FC236D427B5BEEE00209D8E /* SceneDelegate.swift */; };
		0FC236D727B5BEEE00209D8E /* MoviesViewController.swift in Sources */ = {isa = PBXBuildFile; fileRef = 0FC236D627B5BEEE00209D8E /* MoviesViewController.swift */; };
		0FC236DA27B5BEEE00209D8E /* Main.storyboard in Resources */ = {isa = PBXBuildFile; fileRef = 0FC236D827B5BEEE00209D8E /* Main.storyboard */; };
		0FC236DC27B5BEEF00209D8E /* Assets.xcassets in Resources */ = {isa = PBXBuildFile; fileRef = 0FC236DB27B5BEEF00209D8E /* Assets.xcassets */; };
		0FC236DF27B5BEEF00209D8E /* LaunchScreen.storyboard in Resources */ = {isa = PBXBuildFile; fileRef = 0FC236DD27B5BEEF00209D8E /* LaunchScreen.storyboard */; };
		0FC236EA27B5BEEF00209D8E /* FlixTests.swift in Sources */ = {isa = PBXBuildFile; fileRef = 0FC236E927B5BEEF00209D8E /* FlixTests.swift */; };
		0FC236F427B5BEEF00209D8E /* FlixUITests.swift in Sources */ = {isa = PBXBuildFile; fileRef = 0FC236F327B5BEEF00209D8E /* FlixUITests.swift */; };
		0FC236F627B5BEEF00209D8E /* FlixUITestsLaunchTests.swift in Sources */ = {isa = PBXBuildFile; fileRef = 0FC236F527B5BEEF00209D8E /* FlixUITestsLaunchTests.swift */; };
		0FC2370327B5CA4800209D8E /* MovieCell.swift in Sources */ = {isa = PBXBuildFile; fileRef = 0FC2370227B5CA4800209D8E /* MovieCell.swift */; };
		0FC2370627B5CE3200209D8E /* AlamofireImage in Frameworks */ = {isa = PBXBuildFile; productRef = 0FC2370527B5CE3200209D8E /* AlamofireImage */; };
		61F3D37FEF0B9819BA2C817B /* Pods_Flix.framework in Frameworks */ = {isa = PBXBuildFile; fileRef = 6C03FD77827A08ECEFB38642 /* Pods_Flix.framework */; };
		93C6323B96A4C547BA6AA55D /* Pods_FlixTests.framework in Frameworks */ = {isa = PBXBuildFile; fileRef = BF7B49B67EF0ED88F7AB4AE3 /* Pods_FlixTests.framework */; };
		DEEB0C1BB97463A278429C6D /* Pods_Flix_FlixUITests.framework in Frameworks */ = {isa = PBXBuildFile; fileRef = 5E300D6C4A8B0B5E91810BAE /* Pods_Flix_FlixUITests.framework */; };
/* End PBXBuildFile section */

/* Begin PBXContainerItemProxy section */
		0FC236E627B5BEEF00209D8E /* PBXContainerItemProxy */ = {
			isa = PBXContainerItemProxy;
			containerPortal = 0FC236C727B5BEED00209D8E /* Project object */;
			proxyType = 1;
			remoteGlobalIDString = 0FC236CE27B5BEEE00209D8E;
			remoteInfo = Flix;
		};
		0FC236F027B5BEEF00209D8E /* PBXContainerItemProxy */ = {
			isa = PBXContainerItemProxy;
			containerPortal = 0FC236C727B5BEED00209D8E /* Project object */;
			proxyType = 1;
			remoteGlobalIDString = 0FC236CE27B5BEEE00209D8E;
			remoteInfo = Flix;
		};
/* End PBXContainerItemProxy section */

/* Begin PBXFileReference section */
		0F304DCC27BA04E1004F0DD2 /* MovieDetailsViewController.swift */ = {isa = PBXFileReference; lastKnownFileType = sourcecode.swift; path = MovieDetailsViewController.swift; sourceTree = "<group>"; };
		0F304DCE27BB2BE5004F0DD2 /* MovieGridViewController.swift */ = {isa = PBXFileReference; lastKnownFileType = sourcecode.swift; path = MovieGridViewController.swift; sourceTree = "<group>"; };
		0F304DD027BB4BC3004F0DD2 /* MovieGridCell.swift */ = {isa = PBXFileReference; lastKnownFileType = sourcecode.swift; path = MovieGridCell.swift; sourceTree = "<group>"; };
		0FC236CF27B5BEEE00209D8E /* Flix.app */ = {isa = PBXFileReference; explicitFileType = wrapper.application; includeInIndex = 0; path = Flix.app; sourceTree = BUILT_PRODUCTS_DIR; };
		0FC236D227B5BEEE00209D8E /* AppDelegate.swift */ = {isa = PBXFileReference; lastKnownFileType = sourcecode.swift; path = AppDelegate.swift; sourceTree = "<group>"; };
		0FC236D427B5BEEE00209D8E /* SceneDelegate.swift */ = {isa = PBXFileReference; lastKnownFileType = sourcecode.swift; path = SceneDelegate.swift; sourceTree = "<group>"; };
		0FC236D627B5BEEE00209D8E /* MoviesViewController.swift */ = {isa = PBXFileReference; lastKnownFileType = sourcecode.swift; path = MoviesViewController.swift; sourceTree = "<group>"; };
		0FC236D927B5BEEE00209D8E /* Base */ = {isa = PBXFileReference; lastKnownFileType = file.storyboard; name = Base; path = Base.lproj/Main.storyboard; sourceTree = "<group>"; };
		0FC236DB27B5BEEF00209D8E /* Assets.xcassets */ = {isa = PBXFileReference; lastKnownFileType = folder.assetcatalog; path = Assets.xcassets; sourceTree = "<group>"; };
		0FC236DE27B5BEEF00209D8E /* Base */ = {isa = PBXFileReference; lastKnownFileType = file.storyboard; name = Base; path = Base.lproj/LaunchScreen.storyboard; sourceTree = "<group>"; };
		0FC236E027B5BEEF00209D8E /* Info.plist */ = {isa = PBXFileReference; lastKnownFileType = text.plist.xml; path = Info.plist; sourceTree = "<group>"; };
		0FC236E527B5BEEF00209D8E /* FlixTests.xctest */ = {isa = PBXFileReference; explicitFileType = wrapper.cfbundle; includeInIndex = 0; path = FlixTests.xctest; sourceTree = BUILT_PRODUCTS_DIR; };
		0FC236E927B5BEEF00209D8E /* FlixTests.swift */ = {isa = PBXFileReference; lastKnownFileType = sourcecode.swift; path = FlixTests.swift; sourceTree = "<group>"; };
		0FC236EF27B5BEEF00209D8E /* FlixUITests.xctest */ = {isa = PBXFileReference; explicitFileType = wrapper.cfbundle; includeInIndex = 0; path = FlixUITests.xctest; sourceTree = BUILT_PRODUCTS_DIR; };
		0FC236F327B5BEEF00209D8E /* FlixUITests.swift */ = {isa = PBXFileReference; lastKnownFileType = sourcecode.swift; path = FlixUITests.swift; sourceTree = "<group>"; };
		0FC236F527B5BEEF00209D8E /* FlixUITestsLaunchTests.swift */ = {isa = PBXFileReference; lastKnownFileType = sourcecode.swift; path = FlixUITestsLaunchTests.swift; sourceTree = "<group>"; };
		0FC2370227B5CA4800209D8E /* MovieCell.swift */ = {isa = PBXFileReference; lastKnownFileType = sourcecode.swift; path = MovieCell.swift; sourceTree = "<group>"; };
		1E88F3ACA38AA3F9BF015DEF /* Pods-FlixTests.debug.xcconfig */ = {isa = PBXFileReference; includeInIndex = 1; lastKnownFileType = text.xcconfig; name = "Pods-FlixTests.debug.xcconfig"; path = "Target Support Files/Pods-FlixTests/Pods-FlixTests.debug.xcconfig"; sourceTree = "<group>"; };
		3CD8340FDFE964AD68DE8503 /* Pods-Flix-FlixUITests.release.xcconfig */ = {isa = PBXFileReference; includeInIndex = 1; lastKnownFileType = text.xcconfig; name = "Pods-Flix-FlixUITests.release.xcconfig"; path = "Target Support Files/Pods-Flix-FlixUITests/Pods-Flix-FlixUITests.release.xcconfig"; sourceTree = "<group>"; };
		4EF9BFD1F6BBAAD26FDF4842 /* Pods-Flix-FlixUITests.debug.xcconfig */ = {isa = PBXFileReference; includeInIndex = 1; lastKnownFileType = text.xcconfig; name = "Pods-Flix-FlixUITests.debug.xcconfig"; path = "Target Support Files/Pods-Flix-FlixUITests/Pods-Flix-FlixUITests.debug.xcconfig"; sourceTree = "<group>"; };
		5E300D6C4A8B0B5E91810BAE /* Pods_Flix_FlixUITests.framework */ = {isa = PBXFileReference; explicitFileType = wrapper.framework; includeInIndex = 0; path = Pods_Flix_FlixUITests.framework; sourceTree = BUILT_PRODUCTS_DIR; };
		63C1B1558A5B76F0CF4E78A3 /* Pods-Flix.release.xcconfig */ = {isa = PBXFileReference; includeInIndex = 1; lastKnownFileType = text.xcconfig; name = "Pods-Flix.release.xcconfig"; path = "Target Support Files/Pods-Flix/Pods-Flix.release.xcconfig"; sourceTree = "<group>"; };
		6C03FD77827A08ECEFB38642 /* Pods_Flix.framework */ = {isa = PBXFileReference; explicitFileType = wrapper.framework; includeInIndex = 0; path = Pods_Flix.framework; sourceTree = BUILT_PRODUCTS_DIR; };
		7084D0F6FFEB7E93559B48AB /* Pods-FlixTests.release.xcconfig */ = {isa = PBXFileReference; includeInIndex = 1; lastKnownFileType = text.xcconfig; name = "Pods-FlixTests.release.xcconfig"; path = "Target Support Files/Pods-FlixTests/Pods-FlixTests.release.xcconfig"; sourceTree = "<group>"; };
		BF7B49B67EF0ED88F7AB4AE3 /* Pods_FlixTests.framework */ = {isa = PBXFileReference; explicitFileType = wrapper.framework; includeInIndex = 0; path = Pods_FlixTests.framework; sourceTree = BUILT_PRODUCTS_DIR; };
		FE70C08BC4785A5E2DF94DC2 /* Pods-Flix.debug.xcconfig */ = {isa = PBXFileReference; includeInIndex = 1; lastKnownFileType = text.xcconfig; name = "Pods-Flix.debug.xcconfig"; path = "Target Support Files/Pods-Flix/Pods-Flix.debug.xcconfig"; sourceTree = "<group>"; };
/* End PBXFileReference section */

/* Begin PBXFrameworksBuildPhase section */
		0FC236CC27B5BEEE00209D8E /* Frameworks */ = {
			isa = PBXFrameworksBuildPhase;
			buildActionMask = 2147483647;
			files = (
				0FC2370627B5CE3200209D8E /* AlamofireImage in Frameworks */,
				61F3D37FEF0B9819BA2C817B /* Pods_Flix.framework in Frameworks */,
			);
			runOnlyForDeploymentPostprocessing = 0;
		};
		0FC236E227B5BEEF00209D8E /* Frameworks */ = {
			isa = PBXFrameworksBuildPhase;
			buildActionMask = 2147483647;
			files = (
				93C6323B96A4C547BA6AA55D /* Pods_FlixTests.framework in Frameworks */,
			);
			runOnlyForDeploymentPostprocessing = 0;
		};
		0FC236EC27B5BEEF00209D8E /* Frameworks */ = {
			isa = PBXFrameworksBuildPhase;
			buildActionMask = 2147483647;
			files = (
				DEEB0C1BB97463A278429C6D /* Pods_Flix_FlixUITests.framework in Frameworks */,
			);
			runOnlyForDeploymentPostprocessing = 0;
		};
/* End PBXFrameworksBuildPhase section */

/* Begin PBXGroup section */
		0FC236C627B5BEED00209D8E = {
			isa = PBXGroup;
			children = (
				0FC236D127B5BEEE00209D8E /* Flix */,
				0FC236E827B5BEEF00209D8E /* FlixTests */,
				0FC236F227B5BEEF00209D8E /* FlixUITests */,
				0FC236D027B5BEEE00209D8E /* Products */,
				7C0047AADFFBB72B923FA6AC /* Pods */,
				97B749C19F447BE51099D31A /* Frameworks */,
			);
			sourceTree = "<group>";
		};
		0FC236D027B5BEEE00209D8E /* Products */ = {
			isa = PBXGroup;
			children = (
				0FC236CF27B5BEEE00209D8E /* Flix.app */,
				0FC236E527B5BEEF00209D8E /* FlixTests.xctest */,
				0FC236EF27B5BEEF00209D8E /* FlixUITests.xctest */,
			);
			name = Products;
			sourceTree = "<group>";
		};
		0FC236D127B5BEEE00209D8E /* Flix */ = {
			isa = PBXGroup;
			children = (
				0FC236D227B5BEEE00209D8E /* AppDelegate.swift */,
				0FC236D427B5BEEE00209D8E /* SceneDelegate.swift */,
				0FC236D627B5BEEE00209D8E /* MoviesViewController.swift */,
				0FC236D827B5BEEE00209D8E /* Main.storyboard */,
				0FC2370227B5CA4800209D8E /* MovieCell.swift */,
				0FC236DB27B5BEEF00209D8E /* Assets.xcassets */,
				0FC236DD27B5BEEF00209D8E /* LaunchScreen.storyboard */,
				0FC236E027B5BEEF00209D8E /* Info.plist */,
				0F304DCC27BA04E1004F0DD2 /* MovieDetailsViewController.swift */,
				0F304DCE27BB2BE5004F0DD2 /* MovieGridViewController.swift */,
				0F304DD027BB4BC3004F0DD2 /* MovieGridCell.swift */,
			);
			path = Flix;
			sourceTree = "<group>";
		};
		0FC236E827B5BEEF00209D8E /* FlixTests */ = {
			isa = PBXGroup;
			children = (
				0FC236E927B5BEEF00209D8E /* FlixTests.swift */,
			);
			path = FlixTests;
			sourceTree = "<group>";
		};
		0FC236F227B5BEEF00209D8E /* FlixUITests */ = {
			isa = PBXGroup;
			children = (
				0FC236F327B5BEEF00209D8E /* FlixUITests.swift */,
				0FC236F527B5BEEF00209D8E /* FlixUITestsLaunchTests.swift */,
			);
			path = FlixUITests;
			sourceTree = "<group>";
		};
		7C0047AADFFBB72B923FA6AC /* Pods */ = {
			isa = PBXGroup;
			children = (
				FE70C08BC4785A5E2DF94DC2 /* Pods-Flix.debug.xcconfig */,
				63C1B1558A5B76F0CF4E78A3 /* Pods-Flix.release.xcconfig */,
				4EF9BFD1F6BBAAD26FDF4842 /* Pods-Flix-FlixUITests.debug.xcconfig */,
				3CD8340FDFE964AD68DE8503 /* Pods-Flix-FlixUITests.release.xcconfig */,
				1E88F3ACA38AA3F9BF015DEF /* Pods-FlixTests.debug.xcconfig */,
				7084D0F6FFEB7E93559B48AB /* Pods-FlixTests.release.xcconfig */,
			);
			path = Pods;
			sourceTree = "<group>";
		};
		97B749C19F447BE51099D31A /* Frameworks */ = {
			isa = PBXGroup;
			children = (
				6C03FD77827A08ECEFB38642 /* Pods_Flix.framework */,
				5E300D6C4A8B0B5E91810BAE /* Pods_Flix_FlixUITests.framework */,
				BF7B49B67EF0ED88F7AB4AE3 /* Pods_FlixTests.framework */,
			);
			name = Frameworks;
			sourceTree = "<group>";
		};
/* End PBXGroup section */

/* Begin PBXNativeTarget section */
		0FC236CE27B5BEEE00209D8E /* Flix */ = {
			isa = PBXNativeTarget;
			buildConfigurationList = 0FC236F927B5BEEF00209D8E /* Build configuration list for PBXNativeTarget "Flix" */;
			buildPhases = (
				283916FEEBC12764A851E91B /* [CP] Check Pods Manifest.lock */,
				0FC236CB27B5BEEE00209D8E /* Sources */,
				0FC236CC27B5BEEE00209D8E /* Frameworks */,
				0FC236CD27B5BEEE00209D8E /* Resources */,
				88B0FC84D6AF40418B3B0ADE /* [CP] Embed Pods Frameworks */,
			);
			buildRules = (
			);
			dependencies = (
			);
			name = Flix;
			packageProductDependencies = (
				0FC2370527B5CE3200209D8E /* AlamofireImage */,
			);
			productName = Flix;
			productReference = 0FC236CF27B5BEEE00209D8E /* Flix.app */;
			productType = "com.apple.product-type.application";
		};
		0FC236E427B5BEEF00209D8E /* FlixTests */ = {
			isa = PBXNativeTarget;
			buildConfigurationList = 0FC236FC27B5BEEF00209D8E /* Build configuration list for PBXNativeTarget "FlixTests" */;
			buildPhases = (
				D94929D1AA493D818516604E /* [CP] Check Pods Manifest.lock */,
				0FC236E127B5BEEF00209D8E /* Sources */,
				0FC236E227B5BEEF00209D8E /* Frameworks */,
				0FC236E327B5BEEF00209D8E /* Resources */,
			);
			buildRules = (
			);
			dependencies = (
				0FC236E727B5BEEF00209D8E /* PBXTargetDependency */,
			);
			name = FlixTests;
			productName = FlixTests;
			productReference = 0FC236E527B5BEEF00209D8E /* FlixTests.xctest */;
			productType = "com.apple.product-type.bundle.unit-test";
		};
		0FC236EE27B5BEEF00209D8E /* FlixUITests */ = {
			isa = PBXNativeTarget;
			buildConfigurationList = 0FC236FF27B5BEEF00209D8E /* Build configuration list for PBXNativeTarget "FlixUITests" */;
			buildPhases = (
				212183FD9329EE50E52426C4 /* [CP] Check Pods Manifest.lock */,
				0FC236EB27B5BEEF00209D8E /* Sources */,
				0FC236EC27B5BEEF00209D8E /* Frameworks */,
				0FC236ED27B5BEEF00209D8E /* Resources */,
				58E2C327472C4A06724EDF90 /* [CP] Embed Pods Frameworks */,
			);
			buildRules = (
			);
			dependencies = (
				0FC236F127B5BEEF00209D8E /* PBXTargetDependency */,
			);
			name = FlixUITests;
			productName = FlixUITests;
			productReference = 0FC236EF27B5BEEF00209D8E /* FlixUITests.xctest */;
			productType = "com.apple.product-type.bundle.ui-testing";
		};
/* End PBXNativeTarget section */

/* Begin PBXProject section */
		0FC236C727B5BEED00209D8E /* Project object */ = {
			isa = PBXProject;
			attributes = {
				BuildIndependentTargetsInParallel = 1;
				LastSwiftUpdateCheck = 1320;
				LastUpgradeCheck = 1320;
				TargetAttributes = {
					0FC236CE27B5BEEE00209D8E = {
						CreatedOnToolsVersion = 13.2.1;
					};
					0FC236E427B5BEEF00209D8E = {
						CreatedOnToolsVersion = 13.2.1;
						TestTargetID = 0FC236CE27B5BEEE00209D8E;
					};
					0FC236EE27B5BEEF00209D8E = {
						CreatedOnToolsVersion = 13.2.1;
						TestTargetID = 0FC236CE27B5BEEE00209D8E;
					};
				};
			};
			buildConfigurationList = 0FC236CA27B5BEED00209D8E /* Build configuration list for PBXProject "Flix" */;
			compatibilityVersion = "Xcode 13.0";
			developmentRegion = en;
			hasScannedForEncodings = 0;
			knownRegions = (
				en,
				Base,
			);
			mainGroup = 0FC236C627B5BEED00209D8E;
			packageReferences = (
				0FC2370427B5CE3200209D8E /* XCRemoteSwiftPackageReference "AlamofireImage" */,
			);
			productRefGroup = 0FC236D027B5BEEE00209D8E /* Products */;
			projectDirPath = "";
			projectRoot = "";
			targets = (
				0FC236CE27B5BEEE00209D8E /* Flix */,
				0FC236E427B5BEEF00209D8E /* FlixTests */,
				0FC236EE27B5BEEF00209D8E /* FlixUITests */,
			);
		};
/* End PBXProject section */

/* Begin PBXResourcesBuildPhase section */
		0FC236CD27B5BEEE00209D8E /* Resources */ = {
			isa = PBXResourcesBuildPhase;
			buildActionMask = 2147483647;
			files = (
				0FC236DF27B5BEEF00209D8E /* LaunchScreen.storyboard in Resources */,
				0FC236DC27B5BEEF00209D8E /* Assets.xcassets in Resources */,
				0FC236DA27B5BEEE00209D8E /* Main.storyboard in Resources */,
			);
			runOnlyForDeploymentPostprocessing = 0;
		};
		0FC236E327B5BEEF00209D8E /* Resources */ = {
			isa = PBXResourcesBuildPhase;
			buildActionMask = 2147483647;
			files = (
			);
			runOnlyForDeploymentPostprocessing = 0;
		};
		0FC236ED27B5BEEF00209D8E /* Resources */ = {
			isa = PBXResourcesBuildPhase;
			buildActionMask = 2147483647;
			files = (
			);
			runOnlyForDeploymentPostprocessing = 0;
		};
/* End PBXResourcesBuildPhase section */

/* Begin PBXShellScriptBuildPhase section */
		212183FD9329EE50E52426C4 /* [CP] Check Pods Manifest.lock */ = {
			isa = PBXShellScriptBuildPhase;
			buildActionMask = 2147483647;
			files = (
			);
			inputFileListPaths = (
			);
			inputPaths = (
				"${PODS_PODFILE_DIR_PATH}/Podfile.lock",
				"${PODS_ROOT}/Manifest.lock",
			);
			name = "[CP] Check Pods Manifest.lock";
			outputFileListPaths = (
			);
			outputPaths = (
				"$(DERIVED_FILE_DIR)/Pods-Flix-FlixUITests-checkManifestLockResult.txt",
			);
			runOnlyForDeploymentPostprocessing = 0;
			shellPath = /bin/sh;
			shellScript = "diff \"${PODS_PODFILE_DIR_PATH}/Podfile.lock\" \"${PODS_ROOT}/Manifest.lock\" > /dev/null\nif [ $? != 0 ] ; then\n    # print error to STDERR\n    echo \"error: The sandbox is not in sync with the Podfile.lock. Run 'pod install' or update your CocoaPods installation.\" >&2\n    exit 1\nfi\n# This output is used by Xcode 'outputs' to avoid re-running this script phase.\necho \"SUCCESS\" > \"${SCRIPT_OUTPUT_FILE_0}\"\n";
			showEnvVarsInLog = 0;
		};
		283916FEEBC12764A851E91B /* [CP] Check Pods Manifest.lock */ = {
			isa = PBXShellScriptBuildPhase;
			buildActionMask = 2147483647;
			files = (
			);
			inputFileListPaths = (
			);
			inputPaths = (
				"${PODS_PODFILE_DIR_PATH}/Podfile.lock",
				"${PODS_ROOT}/Manifest.lock",
			);
			name = "[CP] Check Pods Manifest.lock";
			outputFileListPaths = (
			);
			outputPaths = (
				"$(DERIVED_FILE_DIR)/Pods-Flix-checkManifestLockResult.txt",
			);
			runOnlyForDeploymentPostprocessing = 0;
			shellPath = /bin/sh;
			shellScript = "diff \"${PODS_PODFILE_DIR_PATH}/Podfile.lock\" \"${PODS_ROOT}/Manifest.lock\" > /dev/null\nif [ $? != 0 ] ; then\n    # print error to STDERR\n    echo \"error: The sandbox is not in sync with the Podfile.lock. Run 'pod install' or update your CocoaPods installation.\" >&2\n    exit 1\nfi\n# This output is used by Xcode 'outputs' to avoid re-running this script phase.\necho \"SUCCESS\" > \"${SCRIPT_OUTPUT_FILE_0}\"\n";
			showEnvVarsInLog = 0;
		};
		58E2C327472C4A06724EDF90 /* [CP] Embed Pods Frameworks */ = {
			isa = PBXShellScriptBuildPhase;
			buildActionMask = 2147483647;
			files = (
			);
			inputFileListPaths = (
				"${PODS_ROOT}/Target Support Files/Pods-Flix-FlixUITests/Pods-Flix-FlixUITests-frameworks-${CONFIGURATION}-input-files.xcfilelist",
			);
			name = "[CP] Embed Pods Frameworks";
			outputFileListPaths = (
				"${PODS_ROOT}/Target Support Files/Pods-Flix-FlixUITests/Pods-Flix-FlixUITests-frameworks-${CONFIGURATION}-output-files.xcfilelist",
			);
			runOnlyForDeploymentPostprocessing = 0;
			shellPath = /bin/sh;
			shellScript = "\"${PODS_ROOT}/Target Support Files/Pods-Flix-FlixUITests/Pods-Flix-FlixUITests-frameworks.sh\"\n";
			showEnvVarsInLog = 0;
		};
		88B0FC84D6AF40418B3B0ADE /* [CP] Embed Pods Frameworks */ = {
			isa = PBXShellScriptBuildPhase;
			buildActionMask = 2147483647;
			files = (
			);
			inputFileListPaths = (
				"${PODS_ROOT}/Target Support Files/Pods-Flix/Pods-Flix-frameworks-${CONFIGURATION}-input-files.xcfilelist",
			);
			name = "[CP] Embed Pods Frameworks";
			outputFileListPaths = (
				"${PODS_ROOT}/Target Support Files/Pods-Flix/Pods-Flix-frameworks-${CONFIGURATION}-output-files.xcfilelist",
			);
			runOnlyForDeploymentPostprocessing = 0;
			shellPath = /bin/sh;
			shellScript = "\"${PODS_ROOT}/Target Support Files/Pods-Flix/Pods-Flix-frameworks.sh\"\n";
			showEnvVarsInLog = 0;
		};
		D94929D1AA493D818516604E /* [CP] Check Pods Manifest.lock */ = {
			isa = PBXShellScriptBuildPhase;
			buildActionMask = 2147483647;
			files = (
			);
			inputFileListPaths = (
			);
			inputPaths = (
				"${PODS_PODFILE_DIR_PATH}/Podfile.lock",
				"${PODS_ROOT}/Manifest.lock",
			);
			name = "[CP] Check Pods Manifest.lock";
			outputFileListPaths = (
			);
			outputPaths = (
				"$(DERIVED_FILE_DIR)/Pods-FlixTests-checkManifestLockResult.txt",
			);
			runOnlyForDeploymentPostprocessing = 0;
			shellPath = /bin/sh;
			shellScript = "diff \"${PODS_PODFILE_DIR_PATH}/Podfile.lock\" \"${PODS_ROOT}/Manifest.lock\" > /dev/null\nif [ $? != 0 ] ; then\n    # print error to STDERR\n    echo \"error: The sandbox is not in sync with the Podfile.lock. Run 'pod install' or update your CocoaPods installation.\" >&2\n    exit 1\nfi\n# This output is used by Xcode 'outputs' to avoid re-running this script phase.\necho \"SUCCESS\" > \"${SCRIPT_OUTPUT_FILE_0}\"\n";
			showEnvVarsInLog = 0;
		};
/* End PBXShellScriptBuildPhase section */

/* Begin PBXSourcesBuildPhase section */
		0FC236CB27B5BEEE00209D8E /* Sources */ = {
			isa = PBXSourcesBuildPhase;
			buildActionMask = 2147483647;
			files = (
				0F304DCD27BA04E1004F0DD2 /* MovieDetailsViewController.swift in Sources */,
				0FC236D727B5BEEE00209D8E /* MoviesViewController.swift in Sources */,
				0FC236D327B5BEEE00209D8E /* AppDelegate.swift in Sources */,
				0FC2370327B5CA4800209D8E /* MovieCell.swift in Sources */,
				0FC236D527B5BEEE00209D8E /* SceneDelegate.swift in Sources */,
				0F304DCF27BB2BE5004F0DD2 /* MovieGridViewController.swift in Sources */,
				0F304DD127BB4BC3004F0DD2 /* MovieGridCell.swift in Sources */,
			);
			runOnlyForDeploymentPostprocessing = 0;
		};
		0FC236E127B5BEEF00209D8E /* Sources */ = {
			isa = PBXSourcesBuildPhase;
			buildActionMask = 2147483647;
			files = (
				0FC236EA27B5BEEF00209D8E /* FlixTests.swift in Sources */,
			);
			runOnlyForDeploymentPostprocessing = 0;
		};
		0FC236EB27B5BEEF00209D8E /* Sources */ = {
			isa = PBXSourcesBuildPhase;
			buildActionMask = 2147483647;
			files = (
				0FC236F427B5BEEF00209D8E /* FlixUITests.swift in Sources */,
				0FC236F627B5BEEF00209D8E /* FlixUITestsLaunchTests.swift in Sources */,
			);
			runOnlyForDeploymentPostprocessing = 0;
		};
/* End PBXSourcesBuildPhase section */

/* Begin PBXTargetDependency section */
		0FC236E727B5BEEF00209D8E /* PBXTargetDependency */ = {
			isa = PBXTargetDependency;
			target = 0FC236CE27B5BEEE00209D8E /* Flix */;
			targetProxy = 0FC236E627B5BEEF00209D8E /* PBXContainerItemProxy */;
		};
		0FC236F127B5BEEF00209D8E /* PBXTargetDependency */ = {
			isa = PBXTargetDependency;
			target = 0FC236CE27B5BEEE00209D8E /* Flix */;
			targetProxy = 0FC236F027B5BEEF00209D8E /* PBXContainerItemProxy */;
		};
/* End PBXTargetDependency section */

/* Begin PBXVariantGroup section */
		0FC236D827B5BEEE00209D8E /* Main.storyboard */ = {
			isa = PBXVariantGroup;
			children = (
				0FC236D927B5BEEE00209D8E /* Base */,
			);
			name = Main.storyboard;
			sourceTree = "<group>";
		};
		0FC236DD27B5BEEF00209D8E /* LaunchScreen.storyboard */ = {
			isa = PBXVariantGroup;
			children = (
				0FC236DE27B5BEEF00209D8E /* Base */,
			);
			name = LaunchScreen.storyboard;
			sourceTree = "<group>";
		};
/* End PBXVariantGroup section */

/* Begin XCBuildConfiguration section */
		0FC236F727B5BEEF00209D8E /* Debug */ = {
			isa = XCBuildConfiguration;
			buildSettings = {
				ALWAYS_SEARCH_USER_PATHS = NO;
				CLANG_ANALYZER_NONNULL = YES;
				CLANG_ANALYZER_NUMBER_OBJECT_CONVERSION = YES_AGGRESSIVE;
				CLANG_CXX_LANGUAGE_STANDARD = "gnu++17";
				CLANG_CXX_LIBRARY = "libc++";
				CLANG_ENABLE_MODULES = YES;
				CLANG_ENABLE_OBJC_ARC = YES;
				CLANG_ENABLE_OBJC_WEAK = YES;
				CLANG_WARN_BLOCK_CAPTURE_AUTORELEASING = YES;
				CLANG_WARN_BOOL_CONVERSION = YES;
				CLANG_WARN_COMMA = YES;
				CLANG_WARN_CONSTANT_CONVERSION = YES;
				CLANG_WARN_DEPRECATED_OBJC_IMPLEMENTATIONS = YES;
				CLANG_WARN_DIRECT_OBJC_ISA_USAGE = YES_ERROR;
				CLANG_WARN_DOCUMENTATION_COMMENTS = YES;
				CLANG_WARN_EMPTY_BODY = YES;
				CLANG_WARN_ENUM_CONVERSION = YES;
				CLANG_WARN_INFINITE_RECURSION = YES;
				CLANG_WARN_INT_CONVERSION = YES;
				CLANG_WARN_NON_LITERAL_NULL_CONVERSION = YES;
				CLANG_WARN_OBJC_IMPLICIT_RETAIN_SELF = YES;
				CLANG_WARN_OBJC_LITERAL_CONVERSION = YES;
				CLANG_WARN_OBJC_ROOT_CLASS = YES_ERROR;
				CLANG_WARN_QUOTED_INCLUDE_IN_FRAMEWORK_HEADER = YES;
				CLANG_WARN_RANGE_LOOP_ANALYSIS = YES;
				CLANG_WARN_STRICT_PROTOTYPES = YES;
				CLANG_WARN_SUSPICIOUS_MOVE = YES;
				CLANG_WARN_UNGUARDED_AVAILABILITY = YES_AGGRESSIVE;
				CLANG_WARN_UNREACHABLE_CODE = YES;
				CLANG_WARN__DUPLICATE_METHOD_MATCH = YES;
				COPY_PHASE_STRIP = NO;
				DEBUG_INFORMATION_FORMAT = dwarf;
				ENABLE_STRICT_OBJC_MSGSEND = YES;
				ENABLE_TESTABILITY = YES;
				GCC_C_LANGUAGE_STANDARD = gnu11;
				GCC_DYNAMIC_NO_PIC = NO;
				GCC_NO_COMMON_BLOCKS = YES;
				GCC_OPTIMIZATION_LEVEL = 0;
				GCC_PREPROCESSOR_DEFINITIONS = (
					"DEBUG=1",
					"$(inherited)",
				);
				GCC_WARN_64_TO_32_BIT_CONVERSION = YES;
				GCC_WARN_ABOUT_RETURN_TYPE = YES_ERROR;
				GCC_WARN_UNDECLARED_SELECTOR = YES;
				GCC_WARN_UNINITIALIZED_AUTOS = YES_AGGRESSIVE;
				GCC_WARN_UNUSED_FUNCTION = YES;
				GCC_WARN_UNUSED_VARIABLE = YES;
				IPHONEOS_DEPLOYMENT_TARGET = 15.2;
				MTL_ENABLE_DEBUG_INFO = INCLUDE_SOURCE;
				MTL_FAST_MATH = YES;
				ONLY_ACTIVE_ARCH = YES;
				SDKROOT = iphoneos;
				SWIFT_ACTIVE_COMPILATION_CONDITIONS = DEBUG;
				SWIFT_OPTIMIZATION_LEVEL = "-Onone";
			};
			name = Debug;
		};
		0FC236F827B5BEEF00209D8E /* Release */ = {
			isa = XCBuildConfiguration;
			buildSettings = {
				ALWAYS_SEARCH_USER_PATHS = NO;
				CLANG_ANALYZER_NONNULL = YES;
				CLANG_ANALYZER_NUMBER_OBJECT_CONVERSION = YES_AGGRESSIVE;
				CLANG_CXX_LANGUAGE_STANDARD = "gnu++17";
				CLANG_CXX_LIBRARY = "libc++";
				CLANG_ENABLE_MODULES = YES;
				CLANG_ENABLE_OBJC_ARC = YES;
				CLANG_ENABLE_OBJC_WEAK = YES;
				CLANG_WARN_BLOCK_CAPTURE_AUTORELEASING = YES;
				CLANG_WARN_BOOL_CONVERSION = YES;
				CLANG_WARN_COMMA = YES;
				CLANG_WARN_CONSTANT_CONVERSION = YES;
				CLANG_WARN_DEPRECATED_OBJC_IMPLEMENTATIONS = YES;
				CLANG_WARN_DIRECT_OBJC_ISA_USAGE = YES_ERROR;
				CLANG_WARN_DOCUMENTATION_COMMENTS = YES;
				CLANG_WARN_EMPTY_BODY = YES;
				CLANG_WARN_ENUM_CONVERSION = YES;
				CLANG_WARN_INFINITE_RECURSION = YES;
				CLANG_WARN_INT_CONVERSION = YES;
				CLANG_WARN_NON_LITERAL_NULL_CONVERSION = YES;
				CLANG_WARN_OBJC_IMPLICIT_RETAIN_SELF = YES;
				CLANG_WARN_OBJC_LITERAL_CONVERSION = YES;
				CLANG_WARN_OBJC_ROOT_CLASS = YES_ERROR;
				CLANG_WARN_QUOTED_INCLUDE_IN_FRAMEWORK_HEADER = YES;
				CLANG_WARN_RANGE_LOOP_ANALYSIS = YES;
				CLANG_WARN_STRICT_PROTOTYPES = YES;
				CLANG_WARN_SUSPICIOUS_MOVE = YES;
				CLANG_WARN_UNGUARDED_AVAILABILITY = YES_AGGRESSIVE;
				CLANG_WARN_UNREACHABLE_CODE = YES;
				CLANG_WARN__DUPLICATE_METHOD_MATCH = YES;
				COPY_PHASE_STRIP = NO;
				DEBUG_INFORMATION_FORMAT = "dwarf-with-dsym";
				ENABLE_NS_ASSERTIONS = NO;
				ENABLE_STRICT_OBJC_MSGSEND = YES;
				GCC_C_LANGUAGE_STANDARD = gnu11;
				GCC_NO_COMMON_BLOCKS = YES;
				GCC_WARN_64_TO_32_BIT_CONVERSION = YES;
				GCC_WARN_ABOUT_RETURN_TYPE = YES_ERROR;
				GCC_WARN_UNDECLARED_SELECTOR = YES;
				GCC_WARN_UNINITIALIZED_AUTOS = YES_AGGRESSIVE;
				GCC_WARN_UNUSED_FUNCTION = YES;
				GCC_WARN_UNUSED_VARIABLE = YES;
				IPHONEOS_DEPLOYMENT_TARGET = 15.2;
				MTL_ENABLE_DEBUG_INFO = NO;
				MTL_FAST_MATH = YES;
				SDKROOT = iphoneos;
				SWIFT_COMPILATION_MODE = wholemodule;
				SWIFT_OPTIMIZATION_LEVEL = "-O";
				VALIDATE_PRODUCT = YES;
			};
			name = Release;
		};
		0FC236FA27B5BEEF00209D8E /* Debug */ = {
			isa = XCBuildConfiguration;
			baseConfigurationReference = FE70C08BC4785A5E2DF94DC2 /* Pods-Flix.debug.xcconfig */;
			buildSettings = {
				ASSETCATALOG_COMPILER_APPICON_NAME = AppIcon;
				ASSETCATALOG_COMPILER_GLOBAL_ACCENT_COLOR_NAME = AccentColor;
				CODE_SIGN_STYLE = Automatic;
				CURRENT_PROJECT_VERSION = 1;
				DEVELOPMENT_TEAM = PN9G5993RX;
				GENERATE_INFOPLIST_FILE = YES;
				INFOPLIST_FILE = Flix/Info.plist;
				INFOPLIST_KEY_UIApplicationSupportsIndirectInputEvents = YES;
				INFOPLIST_KEY_UILaunchStoryboardName = LaunchScreen;
				INFOPLIST_KEY_UIMainStoryboardFile = Main;
				INFOPLIST_KEY_UISupportedInterfaceOrientations_iPad = "UIInterfaceOrientationPortrait UIInterfaceOrientationPortraitUpsideDown UIInterfaceOrientationLandscapeLeft UIInterfaceOrientationLandscapeRight";
				INFOPLIST_KEY_UISupportedInterfaceOrientations_iPhone = "UIInterfaceOrientationPortrait UIInterfaceOrientationLandscapeLeft UIInterfaceOrientationLandscapeRight";
				LD_RUNPATH_SEARCH_PATHS = (
					"$(inherited)",
					"@executable_path/Frameworks",
				);
				MARKETING_VERSION = 1.0;
				PRODUCT_BUNDLE_IDENTIFIER = carlosmemije.Flix;
				PRODUCT_NAME = "$(TARGET_NAME)";
				SWIFT_EMIT_LOC_STRINGS = YES;
				SWIFT_VERSION = 5.0;
				TARGETED_DEVICE_FAMILY = "1,2";
			};
			name = Debug;
		};
		0FC236FB27B5BEEF00209D8E /* Release */ = {
			isa = XCBuildConfiguration;
			baseConfigurationReference = 63C1B1558A5B76F0CF4E78A3 /* Pods-Flix.release.xcconfig */;
			buildSettings = {
				ASSETCATALOG_COMPILER_APPICON_NAME = AppIcon;
				ASSETCATALOG_COMPILER_GLOBAL_ACCENT_COLOR_NAME = AccentColor;
				CODE_SIGN_STYLE = Automatic;
				CURRENT_PROJECT_VERSION = 1;
				DEVELOPMENT_TEAM = PN9G5993RX;
				GENERATE_INFOPLIST_FILE = YES;
				INFOPLIST_FILE = Flix/Info.plist;
				INFOPLIST_KEY_UIApplicationSupportsIndirectInputEvents = YES;
				INFOPLIST_KEY_UILaunchStoryboardName = LaunchScreen;
				INFOPLIST_KEY_UIMainStoryboardFile = Main;
				INFOPLIST_KEY_UISupportedInterfaceOrientations_iPad = "UIInterfaceOrientationPortrait UIInterfaceOrientationPortraitUpsideDown UIInterfaceOrientationLandscapeLeft UIInterfaceOrientationLandscapeRight";
				INFOPLIST_KEY_UISupportedInterfaceOrientations_iPhone = "UIInterfaceOrientationPortrait UIInterfaceOrientationLandscapeLeft UIInterfaceOrientationLandscapeRight";
				LD_RUNPATH_SEARCH_PATHS = (
					"$(inherited)",
					"@executable_path/Frameworks",
				);
				MARKETING_VERSION = 1.0;
				PRODUCT_BUNDLE_IDENTIFIER = carlosmemije.Flix;
				PRODUCT_NAME = "$(TARGET_NAME)";
				SWIFT_EMIT_LOC_STRINGS = YES;
				SWIFT_VERSION = 5.0;
				TARGETED_DEVICE_FAMILY = "1,2";
			};
			name = Release;
		};
		0FC236FD27B5BEEF00209D8E /* Debug */ = {
			isa = XCBuildConfiguration;
			baseConfigurationReference = 1E88F3ACA38AA3F9BF015DEF /* Pods-FlixTests.debug.xcconfig */;
			buildSettings = {
				ALWAYS_EMBED_SWIFT_STANDARD_LIBRARIES = YES;
				BUNDLE_LOADER = "$(TEST_HOST)";
				CODE_SIGN_STYLE = Automatic;
				CURRENT_PROJECT_VERSION = 1;
				DEVELOPMENT_TEAM = PN9G5993RX;
				GENERATE_INFOPLIST_FILE = YES;
				IPHONEOS_DEPLOYMENT_TARGET = 15.2;
				MARKETING_VERSION = 1.0;
				PRODUCT_BUNDLE_IDENTIFIER = carlosmemije.FlixTests;
				PRODUCT_NAME = "$(TARGET_NAME)";
				SWIFT_EMIT_LOC_STRINGS = NO;
				SWIFT_VERSION = 5.0;
				TARGETED_DEVICE_FAMILY = "1,2";
				TEST_HOST = "$(BUILT_PRODUCTS_DIR)/Flix.app/Flix";
			};
			name = Debug;
		};
		0FC236FE27B5BEEF00209D8E /* Release */ = {
			isa = XCBuildConfiguration;
			baseConfigurationReference = 7084D0F6FFEB7E93559B48AB /* Pods-FlixTests.release.xcconfig */;
			buildSettings = {
				ALWAYS_EMBED_SWIFT_STANDARD_LIBRARIES = YES;
				BUNDLE_LOADER = "$(TEST_HOST)";
				CODE_SIGN_STYLE = Automatic;
				CURRENT_PROJECT_VERSION = 1;
				DEVELOPMENT_TEAM = PN9G5993RX;
				GENERATE_INFOPLIST_FILE = YES;
				IPHONEOS_DEPLOYMENT_TARGET = 15.2;
				MARKETING_VERSION = 1.0;
				PRODUCT_BUNDLE_IDENTIFIER = carlosmemije.FlixTests;
				PRODUCT_NAME = "$(TARGET_NAME)";
				SWIFT_EMIT_LOC_STRINGS = NO;
				SWIFT_VERSION = 5.0;
				TARGETED_DEVICE_FAMILY = "1,2";
				TEST_HOST = "$(BUILT_PRODUCTS_DIR)/Flix.app/Flix";
			};
			name = Release;
		};
		0FC2370027B5BEEF00209D8E /* Debug */ = {
			isa = XCBuildConfiguration;
			baseConfigurationReference = 4EF9BFD1F6BBAAD26FDF4842 /* Pods-Flix-FlixUITests.debug.xcconfig */;
			buildSettings = {
				ALWAYS_EMBED_SWIFT_STANDARD_LIBRARIES = YES;
				CODE_SIGN_STYLE = Automatic;
				CURRENT_PROJECT_VERSION = 1;
				DEVELOPMENT_TEAM = PN9G5993RX;
				GENERATE_INFOPLIST_FILE = YES;
				MARKETING_VERSION = 1.0;
				PRODUCT_BUNDLE_IDENTIFIER = carlosmemije.FlixUITests;
				PRODUCT_NAME = "$(TARGET_NAME)";
				SWIFT_EMIT_LOC_STRINGS = NO;
				SWIFT_VERSION = 5.0;
				TARGETED_DEVICE_FAMILY = "1,2";
				TEST_TARGET_NAME = Flix;
			};
			name = Debug;
		};
		0FC2370127B5BEEF00209D8E /* Release */ = {
			isa = XCBuildConfiguration;
			baseConfigurationReference = 3CD8340FDFE964AD68DE8503 /* Pods-Flix-FlixUITests.release.xcconfig */;
			buildSettings = {
				ALWAYS_EMBED_SWIFT_STANDARD_LIBRARIES = YES;
				CODE_SIGN_STYLE = Automatic;
				CURRENT_PROJECT_VERSION = 1;
				DEVELOPMENT_TEAM = PN9G5993RX;
				GENERATE_INFOPLIST_FILE = YES;
				MARKETING_VERSION = 1.0;
				PRODUCT_BUNDLE_IDENTIFIER = carlosmemije.FlixUITests;
				PRODUCT_NAME = "$(TARGET_NAME)";
				SWIFT_EMIT_LOC_STRINGS = NO;
				SWIFT_VERSION = 5.0;
				TARGETED_DEVICE_FAMILY = "1,2";
				TEST_TARGET_NAME = Flix;
			};
			name = Release;
		};
/* End XCBuildConfiguration section */

/* Begin XCConfigurationList section */
		0FC236CA27B5BEED00209D8E /* Build configuration list for PBXProject "Flix" */ = {
			isa = XCConfigurationList;
			buildConfigurations = (
				0FC236F727B5BEEF00209D8E /* Debug */,
				0FC236F827B5BEEF00209D8E /* Release */,
			);
			defaultConfigurationIsVisible = 0;
			defaultConfigurationName = Release;
		};
		0FC236F927B5BEEF00209D8E /* Build configuration list for PBXNativeTarget "Flix" */ = {
			isa = XCConfigurationList;
			buildConfigurations = (
				0FC236FA27B5BEEF00209D8E /* Debug */,
				0FC236FB27B5BEEF00209D8E /* Release */,
			);
			defaultConfigurationIsVisible = 0;
			defaultConfigurationName = Release;
		};
		0FC236FC27B5BEEF00209D8E /* Build configuration list for PBXNativeTarget "FlixTests" */ = {
			isa = XCConfigurationList;
			buildConfigurations = (
				0FC236FD27B5BEEF00209D8E /* Debug */,
				0FC236FE27B5BEEF00209D8E /* Release */,
			);
			defaultConfigurationIsVisible = 0;
			defaultConfigurationName = Release;
		};
		0FC236FF27B5BEEF00209D8E /* Build configuration list for PBXNativeTarget "FlixUITests" */ = {
			isa = XCConfigurationList;
			buildConfigurations = (
				0FC2370027B5BEEF00209D8E /* Debug */,
				0FC2370127B5BEEF00209D8E /* Release */,
			);
			defaultConfigurationIsVisible = 0;
			defaultConfigurationName = Release;
		};
/* End XCConfigurationList section */

/* Begin XCRemoteSwiftPackageReference section */
		0FC2370427B5CE3200209D8E /* XCRemoteSwiftPackageReference "AlamofireImage" */ = {
			isa = XCRemoteSwiftPackageReference;
			repositoryURL = "https://github.com/Alamofire/AlamofireImage";
			requirement = {
				kind = upToNextMajorVersion;
				minimumVersion = 4.0.0;
			};
		};
/* End XCRemoteSwiftPackageReference section */

/* Begin XCSwiftPackageProductDependency section */
		0FC2370527B5CE3200209D8E /* AlamofireImage */ = {
			isa = XCSwiftPackageProductDependency;
			package = 0FC2370427B5CE3200209D8E /* XCRemoteSwiftPackageReference "AlamofireImage" */;
			productName = AlamofireImage;
		};
/* End XCSwiftPackageProductDependency section */
	};
	rootObject = 0FC236C727B5BEED00209D8E /* Project object */;
}
